
Microsoft Visual Studio Solution File, Format Version 12.00
# Visual Studio 15
VisualStudioVersion = 15.0.27004.2006
MinimumVisualStudioVersion = 10.0.40219.1
Project("{2150E333-8FDC-42A3-9474-1A3956D46DE8}") = "1_services", "1_services", "{0E084D5A-CC7E-45FC-B9F0-8DF7608E0FF8}"
EndProject
Project("{2150E333-8FDC-42A3-9474-1A3956D46DE8}") = "2_entities", "2_entities", "{DA890668-8134-407F-B872-9BBAE96232CB}"
EndProject
Project("{2150E333-8FDC-42A3-9474-1A3956D46DE8}") = "3_dataAccess", "3_dataAccess", "{350C554E-157D-4DE1-BFF8-3D3E9F601C58}"
EndProject
Project("{FAE04EC0-301F-11D3-BF4B-00C04F79EFBC}") = "Entities", "Entities\Entities.csproj", "{1AEE1393-210E-4EB8-BBBB-E01E0434D7F4}"
EndProject
Project("{FAE04EC0-301F-11D3-BF4B-00C04F79EFBC}") = "Context", "Context\Context.csproj", "{90128B29-FF97-4D8D-8145-64E33133B607}"
EndProject
Global
	GlobalSection(SolutionConfigurationPlatforms) = preSolution
		Debug|Any CPU = Debug|Any CPU
		Release|Any CPU = Release|Any CPU
	EndGlobalSection
	GlobalSection(ProjectConfigurationPlatforms) = postSolution
		{1AEE1393-210E-4EB8-BBBB-E01E0434D7F4}.Debug|Any CPU.ActiveCfg = Debug|Any CPU
		{1AEE1393-210E-4EB8-BBBB-E01E0434D7F4}.Debug|Any CPU.Build.0 = Debug|Any CPU
		{1AEE1393-210E-4EB8-BBBB-E01E0434D7F4}.Release|Any CPU.ActiveCfg = Release|Any CPU
		{1AEE1393-210E-4EB8-BBBB-E01E0434D7F4}.Release|Any CPU.Build.0 = Release|Any CPU
		{90128B29-FF97-4D8D-8145-64E33133B607}.Debug|Any CPU.ActiveCfg = Debug|Any CPU
		{90128B29-FF97-4D8D-8145-64E33133B607}.Debug|Any CPU.Build.0 = Debug|Any CPU
		{90128B29-FF97-4D8D-8145-64E33133B607}.Release|Any CPU.ActiveCfg = Release|Any CPU
		{90128B29-FF97-4D8D-8145-64E33133B607}.Release|Any CPU.Build.0 = Release|Any CPU
	EndGlobalSection
	GlobalSection(SolutionProperties) = preSolution
		HideSolutionNode = FALSE
	EndGlobalSection
	GlobalSection(NestedProjects) = preSolution
		{1AEE1393-210E-4EB8-BBBB-E01E0434D7F4} = {DA890668-8134-407F-B872-9BBAE96232CB}
		{90128B29-FF97-4D8D-8145-64E33133B607} = {350C554E-157D-4DE1-BFF8-3D3E9F601C58}
	EndGlobalSection
	GlobalSection(ExtensibilityGlobals) = postSolution
		SolutionGuid = {93329C40-1445-4FC7-B412-C99B6BA5D6EA}
	EndGlobalSection
EndGlobal
